Microsoft Visual Studio Solution File, Format Version 12.00
# Visual Studio Version 17
VisualStudioVersion = 17.5.2.0
MinimumVisualStudioVersion = 10.0.40219.1
Project("{2150E333-8FDC-42A3-9474-1A3956D46DE8}") = "pdfapi", "pdfapi", "{109043F9-CB0F-1694-6D7D-0A2994A1BDD6}"
EndProject
Project("{2150E333-8FDC-42A3-9474-1A3956D46DE8}") = "src", "src", "{68A9865C-FCF7-0B17-D6BB-A464839BC92F}"
EndProject
Project("{2150E333-8FDC-42A3-9474-1A3956D46DE8}") = "WebCommon", "WebCommon", "{BC4BB529-1E01-758F-64E0-0B91070D8930}"
EndProject
Project("{FAE04EC0-301F-11D3-BF4B-00C04F79EFBC}") = "PaperAPI.WebCommon", "pdfapi\src\WebCommon\PaperAPI.WebCommon.csproj", "{839EE668-CAF6-44C5-3DAD-99BFE9725159}"
EndProject
Project("{2150E333-8FDC-42A3-9474-1A3956D46DE8}") = "PdfApi", "PdfApi", "{4366FBBC-E0A0-F234-8B83-081263250D45}"
EndProject
Project("{FAE04EC0-301F-11D3-BF4B-00C04F79EFBC}") = "PaperAPI.PdfApi", "pdfapi\src\PdfApi\PaperAPI.PdfApi.csproj", "{5C68EDA0-4153-ADA2-D020-85221ADD76F9}"
EndProject
Project("{2150E333-8FDC-42A3-9474-1A3956D46DE8}") = "Application", "Application", "{48C80167-0746-BAA0-60DC-7FCEFD719C92}"
EndProject
Project("{FAE04EC0-301F-11D3-BF4B-00C04F79EFBC}") = "PaperAPI.Application", "pdfapi\src\Application\PaperAPI.Application.csproj", "{8E8BDB38-3363-7056-DFFC-CB1EEEB210C4}"
EndProject
Project("{2150E333-8FDC-42A3-9474-1A3956D46DE8}") = "Infrastructure", "Infrastructure", "{225BAD2E-86F7-3FB0-6D98-39D1863B23A8}"
EndProject
Project("{FAE04EC0-301F-11D3-BF4B-00C04F79EFBC}") = "PaperAPI.Infrastructure", "pdfapi\src\Infrastructure\PaperAPI.Infrastructure.csproj", "{700B2892-8AFA-1A66-2CC2-2CC229A786FA}"
EndProject
Project("{2150E333-8FDC-42A3-9474-1A3956D46DE8}") = "Domain", "Domain", "{554AE5CD-8D9D-134D-2A2C-969243B3C8EF}"
EndProject
Project("{FAE04EC0-301F-11D3-BF4B-00C04F79EFBC}") = "PaperAPI.Domain", "pdfapi\src\Domain\PaperAPI.Domain.csproj", "{AC441508-AFEE-ADDB-B840-6C75EAF049B5}"
EndProject
Global
	GlobalSection(SolutionConfigurationPlatforms) = preSolution
		Debug|Any CPU = Debug|Any CPU
		Release|Any CPU = Release|Any CPU
	EndGlobalSection
	GlobalSection(ProjectConfigurationPlatforms) = postSolution
		{839EE668-CAF6-44C5-3DAD-99BFE9725159}.Debug|Any CPU.ActiveCfg = Debug|Any CPU
		{839EE668-CAF6-44C5-3DAD-99BFE9725159}.Debug|Any CPU.Build.0 = Debug|Any CPU
		{839EE668-CAF6-44C5-3DAD-99BFE9725159}.Release|Any CPU.ActiveCfg = Release|Any CPU
		{839EE668-CAF6-44C5-3DAD-99BFE9725159}.Release|Any CPU.Build.0 = Release|Any CPU
		{5C68EDA0-4153-ADA2-D020-85221ADD76F9}.Debug|Any CPU.ActiveCfg = Debug|Any CPU
		{5C68EDA0-4153-ADA2-D020-85221ADD76F9}.Debug|Any CPU.Build.0 = Debug|Any CPU
		{5C68EDA0-4153-ADA2-D020-85221ADD76F9}.Release|Any CPU.ActiveCfg = Release|Any CPU
		{5C68EDA0-4153-ADA2-D020-85221ADD76F9}.Release|Any CPU.Build.0 = Release|Any CPU
		{8E8BDB38-3363-7056-DFFC-CB1EEEB210C4}.Debug|Any CPU.ActiveCfg = Debug|Any CPU
		{8E8BDB38-3363-7056-DFFC-CB1EEEB210C4}.Debug|Any CPU.Build.0 = Debug|Any CPU
		{8E8BDB38-3363-7056-DFFC-CB1EEEB210C4}.Release|Any CPU.ActiveCfg = Release|Any CPU
		{8E8BDB38-3363-7056-DFFC-CB1EEEB210C4}.Release|Any CPU.Build.0 = Release|Any CPU
		{700B2892-8AFA-1A66-2CC2-2CC229A786FA}.Debug|Any CPU.ActiveCfg = Debug|Any CPU
		{700B2892-8AFA-1A66-2CC2-2CC229A786FA}.Debug|Any CPU.Build.0 = Debug|Any CPU
		{700B2892-8AFA-1A66-2CC2-2CC229A786FA}.Release|Any CPU.ActiveCfg = Release|Any CPU
		{700B2892-8AFA-1A66-2CC2-2CC229A786FA}.Release|Any CPU.Build.0 = Release|Any CPU
		{AC441508-AFEE-ADDB-B840-6C75EAF049B5}.Debug|Any CPU.ActiveCfg = Debug|Any CPU
		{AC441508-AFEE-ADDB-B840-6C75EAF049B5}.Debug|Any CPU.Build.0 = Debug|Any CPU
		{AC441508-AFEE-ADDB-B840-6C75EAF049B5}.Release|Any CPU.ActiveCfg = Release|Any CPU
		{AC441508-AFEE-ADDB-B840-6C75EAF049B5}.Release|Any CPU.Build.0 = Release|Any CPU
	EndGlobalSection
	GlobalSection(SolutionProperties) = preSolution
		HideSolutionNode = FALSE
	EndGlobalSection
	GlobalSection(NestedProjects) = preSolution
		{68A9865C-FCF7-0B17-D6BB-A464839BC92F} = {109043F9-CB0F-1694-6D7D-0A2994A1BDD6}
		{BC4BB529-1E01-758F-64E0-0B91070D8930} = {68A9865C-FCF7-0B17-D6BB-A464839BC92F}
		{839EE668-CAF6-44C5-3DAD-99BFE9725159} = {BC4BB529-1E01-758F-64E0-0B91070D8930}
		{4366FBBC-E0A0-F234-8B83-081263250D45} = {68A9865C-FCF7-0B17-D6BB-A464839BC92F}
		{5C68EDA0-4153-ADA2-D020-85221ADD76F9} = {4366FBBC-E0A0-F234-8B83-081263250D45}
		{48C80167-0746-BAA0-60DC-7FCEFD719C92} = {68A9865C-FCF7-0B17-D6BB-A464839BC92F}
		{8E8BDB38-3363-7056-DFFC-CB1EEEB210C4} = {48C80167-0746-BAA0-60DC-7FCEFD719C92}
		{225BAD2E-86F7-3FB0-6D98-39D1863B23A8} = {68A9865C-FCF7-0B17-D6BB-A464839BC92F}
		{700B2892-8AFA-1A66-2CC2-2CC229A786FA} = {225BAD2E-86F7-3FB0-6D98-39D1863B23A8}
		{554AE5CD-8D9D-134D-2A2C-969243B3C8EF} = {68A9865C-FCF7-0B17-D6BB-A464839BC92F}
		{AC441508-AFEE-ADDB-B840-6C75EAF049B5} = {554AE5CD-8D9D-134D-2A2C-969243B3C8EF}
	EndGlobalSection
	GlobalSection(ExtensibilityGlobals) = postSolution
		SolutionGuid = {03C5F28C-A0F7-4304-A8AE-9F2BD8A8AC1A}
	EndGlobalSection
EndGlobal
